// !$*UTF8*$!
{
	archiveVersion = 1;
	classes = {
	};
	objectVersion = 48;
	objects = {

/* Begin PBXBuildFile section */
		2D055EFB1FB9077700A05DDB /* AppDelegate.swift in Sources */ = {isa = PBXBuildFile; fileRef = 2D055EFA1FB9077700A05DDB /* AppDelegate.swift */; };
		2D055EFD1FB9077700A05DDB /* ViewController.swift in Sources */ = {isa = PBXBuildFile; fileRef = 2D055EFC1FB9077700A05DDB /* ViewController.swift */; };
		2D055F001FB9077700A05DDB /* Main.storyboard in Resources */ = {isa = PBXBuildFile; fileRef = 2D055EFE1FB9077700A05DDB /* Main.storyboard */; };
		2D055F021FB9077700A05DDB /* Assets.xcassets in Resources */ = {isa = PBXBuildFile; fileRef = 2D055F011FB9077700A05DDB /* Assets.xcassets */; };
		2D055F051FB9077700A05DDB /* LaunchScreen.storyboard in Resources */ = {isa = PBXBuildFile; fileRef = 2D055F031FB9077700A05DDB /* LaunchScreen.storyboard */; };
		2D055F1B1FB907A600A05DDB /* Car.swift in Sources */ = {isa = PBXBuildFile; fileRef = 2D055F1A1FB907A600A05DDB /* Car.swift */; };
		2D055F1D1FB907EC00A05DDB /* CarTests.swift in Sources */ = {isa = PBXBuildFile; fileRef = 2D055F1C1FB907EC00A05DDB /* CarTests.swift */; };
/* End PBXBuildFile section */

/* Begin PBXContainerItemProxy section */
		2D055F0C1FB9077800A05DDB /* PBXContainerItemProxy */ = {
			isa = PBXContainerItemProxy;
			containerPortal = 2D055EEF1FB9077700A05DDB /* Project object */;
			proxyType = 1;
			remoteGlobalIDString = 2D055EF61FB9077700A05DDB;
			remoteInfo = UnitTestsMedium;
		};
/* End PBXContainerItemProxy section */

/* Begin PBXFileReference section */
		2D055EF71FB9077700A05DDB /* UnitTestsMedium.app */ = {isa = PBXFileReference; explicitFileType = wrapper.application; includeInIndex = 0; path = UnitTestsMedium.app; sourceTree = BUILT_PRODUCTS_DIR; };
		2D055EFA1FB9077700A05DDB /* AppDelegate.swift */ = {isa = PBXFileReference; lastKnownFileType = sourcecode.swift; path = AppDelegate.swift; sourceTree = "<group>"; };
		2D055EFC1FB9077700A05DDB /* ViewController.swift */ = {isa = PBXFileReference; lastKnownFileType = sourcecode.swift; path = ViewController.swift; sourceTree = "<group>"; };
		2D055EFF1FB9077700A05DDB /* Base */ = {isa = PBXFileReference; lastKnownFileType = file.storyboard; name = Base; path = Base.lproj/Main.storyboard; sourceTree = "<group>"; };
		2D055F011FB9077700A05DDB /* Assets.xcassets */ = {isa = PBXFileReference; lastKnownFileType = folder.assetcatalog; path = Assets.xcassets; sourceTree = "<group>"; };
		2D055F041FB9077700A05DDB /* Base */ = {isa = PBXFileReference; lastKnownFileType = file.storyboard; name = Base; path = Base.lproj/LaunchScreen.storyboard; sourceTree = "<group>"; };
		2D055F061FB9077700A05DDB /* Info.plist */ = {isa = PBXFileReference; lastKnownFileType = text.plist.xml; path = Info.plist; sourceTree = "<group>"; };
		2D055F0B1FB9077800A05DDB /* UnitTestsMediumTests.xctest */ = {isa = PBXFileReference; explicitFileType = wrapper.cfbundle; includeInIndex = 0; path = UnitTestsMediumTests.xctest; sourceTree = BUILT_PRODUCTS_DIR; };
		2D055F111FB9077800A05DDB /* Info.plist */ = {isa = PBXFileReference; lastKnownFileType = text.plist.xml; path = Info.plist; sourceTree = "<group>"; };
		2D055F1A1FB907A600A05DDB /* Car.swift */ = {isa = PBXFileReference; lastKnownFileType = sourcecode.swift; path = Car.swift; sourceTree = "<group>"; };
		2D055F1C1FB907EC00A05DDB /* CarTests.swift */ = {isa = PBXFileReference; lastKnownFileType = sourcecode.swift; path = CarTests.swift; sourceTree = "<group>"; };
/* End PBXFileReference section */

/* Begin PBXFrameworksBuildPhase section */
		2D055EF41FB9077700A05DDB /* Frameworks */ = {
			isa = PBXFrameworksBuildPhase;
			buildActionMask = 2147483647;
			files = (
			);
			runOnlyForDeploymentPostprocessing = 0;
		};
		2D055F081FB9077800A05DDB /* Frameworks */ = {
			isa = PBXFrameworksBuildPhase;
			buildActionMask = 2147483647;
			files = (
			);
			runOnlyForDeploymentPostprocessing = 0;
		};
/* End PBXFrameworksBuildPhase section */

/* Begin PBXGroup section */
		2D055EEE1FB9077700A05DDB = {
			isa = PBXGroup;
			children = (
				2D055EF91FB9077700A05DDB /* UnitTestsMedium */,
				2D055F0E1FB9077800A05DDB /* UnitTestsMediumTests */,
				2D055EF81FB9077700A05DDB /* Products */,
			);
			sourceTree = "<group>";
		};
		2D055EF81FB9077700A05DDB /* Products */ = {
			isa = PBXGroup;
			children = (
				2D055EF71FB9077700A05DDB /* UnitTestsMedium.app */,
				2D055F0B1FB9077800A05DDB /* UnitTestsMediumTests.xctest */,
			);
			name = Products;
			sourceTree = "<group>";
		};
		2D055EF91FB9077700A05DDB /* UnitTestsMedium */ = {
			isa = PBXGroup;
			children = (
				2D055EFA1FB9077700A05DDB /* AppDelegate.swift */,
				2D055EFC1FB9077700A05DDB /* ViewController.swift */,
				2D055F1A1FB907A600A05DDB /* Car.swift */,
				2D055EFE1FB9077700A05DDB /* Main.storyboard */,
				2D055F011FB9077700A05DDB /* Assets.xcassets */,
				2D055F031FB9077700A05DDB /* LaunchScreen.storyboard */,
				2D055F061FB9077700A05DDB /* Info.plist */,
			);
			path = UnitTestsMedium;
			sourceTree = "<group>";
		};
		2D055F0E1FB9077800A05DDB /* UnitTestsMediumTests */ = {
			isa = PBXGroup;
			children = (
				2D055F111FB9077800A05DDB /* Info.plist */,
				2D055F1C1FB907EC00A05DDB /* CarTests.swift */,
			);
			path = UnitTestsMediumTests;
			sourceTree = "<group>";
		};
/* End PBXGroup section */

/* Begin PBXNativeTarget section */
		2D055EF61FB9077700A05DDB /* UnitTestsMedium */ = {
			isa = PBXNativeTarget;
			buildConfigurationList = 2D055F141FB9077800A05DDB /* Build configuration list for PBXNativeTarget "UnitTestsMedium" */;
			buildPhases = (
				2D055EF31FB9077700A05DDB /* Sources */,
				2D055EF41FB9077700A05DDB /* Frameworks */,
				2D055EF51FB9077700A05DDB /* Resources */,
			);
			buildRules = (
			);
			dependencies = (
			);
			name = UnitTestsMedium;
			productName = UnitTestsMedium;
			productReference = 2D055EF71FB9077700A05DDB /* UnitTestsMedium.app */;
			productType = "com.apple.product-type.application";
		};
		2D055F0A1FB9077800A05DDB /* UnitTestsMediumTests */ = {
			isa = PBXNativeTarget;
			buildConfigurationList = 2D055F171FB9077800A05DDB /* Build configuration list for PBXNativeTarget "UnitTestsMediumTests" */;
			buildPhases = (
				2D055F071FB9077800A05DDB /* Sources */,
				2D055F081FB9077800A05DDB /* Frameworks */,
				2D055F091FB9077800A05DDB /* Resources */,
			);
			buildRules = (
			);
			dependencies = (
				2D055F0D1FB9077800A05DDB /* PBXTargetDependency */,
			);
			name = UnitTestsMediumTests;
			productName = UnitTestsMediumTests;
			productReference = 2D055F0B1FB9077800A05DDB /* UnitTestsMediumTests.xctest */;
			productType = "com.apple.product-type.bundle.unit-test";
		};
/* End PBXNativeTarget section */

/* Begin PBXProject section */
		2D055EEF1FB9077700A05DDB /* Project object */ = {
			isa = PBXProject;
			attributes = {
				LastSwiftUpdateCheck = 0910;
				LastUpgradeCheck = 0910;
				ORGANIZATIONNAME = "Jon Olivet";
				TargetAttributes = {
					2D055EF61FB9077700A05DDB = {
						CreatedOnToolsVersion = 9.1;
						ProvisioningStyle = Automatic;
					};
					2D055F0A1FB9077800A05DDB = {
						CreatedOnToolsVersion = 9.1;
						LastSwiftMigration = 0910;
						ProvisioningStyle = Automatic;
						TestTargetID = 2D055EF61FB9077700A05DDB;
					};
				};
			};
			buildConfigurationList = 2D055EF21FB9077700A05DDB /* Build configuration list for PBXProject "UnitTestsMedium" */;
			compatibilityVersion = "Xcode 8.0";
			developmentRegion = en;
			hasScannedForEncodings = 0;
			knownRegions = (
				en,
				Base,
			);
			mainGroup = 2D055EEE1FB9077700A05DDB;
			productRefGroup = 2D055EF81FB9077700A05DDB /* Products */;
			projectDirPath = "";
			projectRoot = "";
			targets = (
				2D055EF61FB9077700A05DDB /* UnitTestsMedium */,
				2D055F0A1FB9077800A05DDB /* UnitTestsMediumTests */,
			);
		};
/* End PBXProject section */

/* Begin PBXResourcesBuildPhase section */
		2D055EF51FB9077700A05DDB /* Resources */ = {
			isa = PBXResourcesBuildPhase;
			buildActionMask = 2147483647;
			files = (
				2D055F051FB9077700A05DDB /* LaunchScreen.storyboard in Resources */,
				2D055F021FB9077700A05DDB /* Assets.xcassets in Resources */,
				2D055F001FB9077700A05DDB /* Main.storyboard in Resources */,
			);
			runOnlyForDeploymentPostprocessing = 0;
		};
		2D055F091FB9077800A05DDB /* Resources */ = {
			isa = PBXResourcesBuildPhase;
			buildActionMask = 2147483647;
			files = (
			);
			runOnlyForDeploymentPostprocessing = 0;
		};
/* End PBXResourcesBuildPhase section */

/* Begin PBXSourcesBuildPhase section */
		2D055EF31FB9077700A05DDB /* Sources */ = {
			isa = PBXSourcesBuildPhase;
			buildActionMask = 2147483647;
			files = (
				2D055EFD1FB9077700A05DDB /* ViewController.swift in Sources */,
				2D055EFB1FB9077700A05DDB /* AppDelegate.swift in Sources */,
				2D055F1B1FB907A600A05DDB /* Car.swift in Sources */,
			);
			runOnlyForDeploymentPostprocessing = 0;
		};
		2D055F071FB9077800A05DDB /* Sources */ = {
			isa = PBXSourcesBuildPhase;
			buildActionMask = 2147483647;
			files = (
				2D055F1D1FB907EC00A05DDB /* CarTests.swift in Sources */,
			);
			runOnlyForDeploymentPostprocessing = 0;
		};
/* End PBXSourcesBuildPhase section */

/* Begin PBXTargetDependency section */
		2D055F0D1FB9077800A05DDB /* PBXTargetDependency */ = {
			isa = PBXTargetDependency;
			target = 2D055EF61FB9077700A05DDB /* UnitTestsMedium */;
			targetProxy = 2D055F0C1FB9077800A05DDB /* PBXContainerItemProxy */;
		};
/* End PBXTargetDependency section */

/* Begin PBXVariantGroup section */
		2D055EFE1FB9077700A05DDB /* Main.storyboard */ = {
			isa = PBXVariantGroup;
			children = (
				2D055EFF1FB9077700A05DDB /* Base */,
			);
			name = Main.storyboard;
			sourceTree = "<group>";
		};
		2D055F031FB9077700A05DDB /* LaunchScreen.storyboard */ = {
			isa = PBXVariantGroup;
			children = (
				2D055F041FB9077700A05DDB /* Base */,
			);
			name = LaunchScreen.storyboard;
			sourceTree = "<group>";
		};
/* End PBXVariantGroup section */

/* Begin XCBuildConfiguration section */
		2D055F121FB9077800A05DDB /* Debug */ = {
			isa = XCBuildConfiguration;
			buildSettings = {
				ALWAYS_SEARCH_USER_PATHS = NO;
				CLANG_ANALYZER_NONNULL = YES;
				CLANG_ANALYZER_NUMBER_OBJECT_CONVERSION = YES_AGGRESSIVE;
				CLANG_CXX_LANGUAGE_STANDARD = "gnu++14";
				CLANG_CXX_LIBRARY = "libc++";
				CLANG_ENABLE_MODULES = YES;
				CLANG_ENABLE_OBJC_ARC = YES;
				CLANG_WARN_BLOCK_CAPTURE_AUTORELEASING = YES;
				CLANG_WARN_BOOL_CONVERSION = YES;
				CLANG_WARN_COMMA = YES;
				CLANG_WARN_CONSTANT_CONVERSION = YES;
				CLANG_WARN_DIRECT_OBJC_ISA_USAGE = YES_ERROR;
				CLANG_WARN_DOCUMENTATION_COMMENTS = YES;
				CLANG_WARN_EMPTY_BODY = YES;
				CLANG_WARN_ENUM_CONVERSION = YES;
				CLANG_WARN_INFINITE_RECURSION = YES;
				CLANG_WARN_INT_CONVERSION = YES;
				CLANG_WARN_NON_LITERAL_NULL_CONVERSION = YES;
				CLANG_WARN_OBJC_LITERAL_CONVERSION = YES;
				CLANG_WARN_OBJC_ROOT_CLASS = YES_ERROR;
				CLANG_WARN_RANGE_LOOP_ANALYSIS = YES;
				CLANG_WARN_STRICT_PROTOTYPES = YES;
				CLANG_WARN_SUSPICIOUS_MOVE = YES;
				CLANG_WARN_UNGUARDED_AVAILABILITY = YES_AGGRESSIVE;
				CLANG_WARN_UNREACHABLE_CODE = YES;
				CLANG_WARN__DUPLICATE_METHOD_MATCH = YES;
				CODE_SIGN_IDENTITY = "iPhone Developer";
				COPY_PHASE_STRIP = NO;
				DEBUG_INFORMATION_FORMAT = dwarf;
				ENABLE_STRICT_OBJC_MSGSEND = YES;
				ENABLE_TESTABILITY = YES;
				GCC_C_LANGUAGE_STANDARD = gnu11;
				GCC_DYNAMIC_NO_PIC = NO;
				GCC_NO_COMMON_BLOCKS = YES;
				GCC_OPTIMIZATION_LEVEL = 0;
				GCC_PREPROCESSOR_DEFINITIONS = (
					"DEBUG=1",
					"$(inherited)",
				);
				GCC_WARN_64_TO_32_BIT_CONVERSION = YES;
				GCC_WARN_ABOUT_RETURN_TYPE = YES_ERROR;
				GCC_WARN_UNDECLARED_SELECTOR = YES;
				GCC_WARN_UNINITIALIZED_AUTOS = YES_AGGRESSIVE;
				GCC_WARN_UNUSED_FUNCTION = YES;
				GCC_WARN_UNUSED_VARIABLE = YES;
				IPHONEOS_DEPLOYMENT_TARGET = 11.1;
				MTL_ENABLE_DEBUG_INFO = YES;
				ONLY_ACTIVE_ARCH = YES;
				SDKROOT = iphoneos;
				SWIFT_ACTIVE_COMPILATION_CONDITIONS = DEBUG;
				SWIFT_OPTIMIZATION_LEVEL = "-Onone";
			};
			name = Debug;
		};
		2D055F131FB9077800A05DDB /* Release */ = {
			isa = XCBuildConfiguration;
			buildSettings = {
				ALWAYS_SEARCH_USER_PATHS = NO;
				CLANG_ANALYZER_NONNULL = YES;
				CLANG_ANALYZER_NUMBER_OBJECT_CONVERSION = YES_AGGRESSIVE;
				CLANG_CXX_LANGUAGE_STANDARD = "gnu++14";
				CLANG_CXX_LIBRARY = "libc++";
				CLANG_ENABLE_MODULES = YES;
				CLANG_ENABLE_OBJC_ARC = YES;
				CLANG_WARN_BLOCK_CAPTURE_AUTORELEASING = YES;
				CLANG_WARN_BOOL_CONVERSION = YES;
				CLANG_WARN_COMMA = YES;
				CLANG_WARN_CONSTANT_CONVERSION = YES;
				CLANG_WARN_DIRECT_OBJC_ISA_USAGE = YES_ERROR;
				CLANG_WARN_DOCUMENTATION_COMMENTS = YES;
				CLANG_WARN_EMPTY_BODY = YES;
				CLANG_WARN_ENUM_CONVERSION = YES;
				CLANG_WARN_INFINITE_RECURSION = YES;
				CLANG_WARN_INT_CONVERSION = YES;
				CLANG_WARN_NON_LITERAL_NULL_CONVERSION = YES;
				CLANG_WARN_OBJC_LITERAL_CONVERSION = YES;
				CLANG_WARN_OBJC_ROOT_CLASS = YES_ERROR;
				CLANG_WARN_RANGE_LOOP_ANALYSIS = YES;
				CLANG_WARN_STRICT_PROTOTYPES = YES;
				CLANG_WARN_SUSPICIOUS_MOVE = YES;
				CLANG_WARN_UNGUARDED_AVAILABILITY = YES_AGGRESSIVE;
				CLANG_WARN_UNREACHABLE_CODE = YES;
				CLANG_WARN__DUPLICATE_METHOD_MATCH = YES;
				CODE_SIGN_IDENTITY = "iPhone Developer";
				COPY_PHASE_STRIP = NO;
				DEBUG_INFORMATION_FORMAT = "dwarf-with-dsym";
				ENABLE_NS_ASSERTIONS = NO;
				ENABLE_STRICT_OBJC_MSGSEND = YES;
				GCC_C_LANGUAGE_STANDARD = gnu11;
				GCC_NO_COMMON_BLOCKS = YES;
				GCC_WARN_64_TO_32_BIT_CONVERSION = YES;
				GCC_WARN_ABOUT_RETURN_TYPE = YES_ERROR;
				GCC_WARN_UNDECLARED_SELECTOR = YES;
				GCC_WARN_UNINITIALIZED_AUTOS = YES_AGGRESSIVE;
				GCC_WARN_UNUSED_FUNCTION = YES;
				GCC_WARN_UNUSED_VARIABLE = YES;
				IPHONEOS_DEPLOYMENT_TARGET = 11.1;
				MTL_ENABLE_DEBUG_INFO = NO;
				SDKROOT = iphoneos;
				SWIFT_OPTIMIZATION_LEVEL = "-Owholemodule";
				VALIDATE_PRODUCT = YES;
			};
			name = Release;
		};
		2D055F151FB9077800A05DDB /* Debug */ = {
			isa = XCBuildConfiguration;
			buildSettings = {
				ASSETCATALOG_COMPILER_APPICON_NAME = AppIcon;
				CODE_SIGN_STYLE = Automatic;
				INFOPLIST_FILE = UnitTestsMedium/Info.plist;
				LD_RUNPATH_SEARCH_PATHS = "$(inherited) @executable_path/Frameworks";
				PRODUCT_BUNDLE_IDENTIFIER = self.jonolivet.UnitTestsMedium;
				PRODUCT_NAME = "$(TARGET_NAME)";
				SWIFT_VERSION = 4.0;
				TARGETED_DEVICE_FAMILY = "1,2";
			};
			name = Debug;
		};
		2D055F161FB9077800A05DDB /* Release */ = {
			isa = XCBuildConfiguration;
			buildSettings = {
				ASSETCATALOG_COMPILER_APPICON_NAME = AppIcon;
				CODE_SIGN_STYLE = Automatic;
				INFOPLIST_FILE = UnitTestsMedium/Info.plist;
				LD_RUNPATH_SEARCH_PATHS = "$(inherited) @executable_path/Frameworks";
				PRODUCT_BUNDLE_IDENTIFIER = self.jonolivet.UnitTestsMedium;
				PRODUCT_NAME = "$(TARGET_NAME)";
				SWIFT_VERSION = 4.0;
				TARGETED_DEVICE_FAMILY = "1,2";
			};
			name = Release;
		};
		2D055F181FB9077800A05DDB /* Debug */ = {
			isa = XCBuildConfiguration;
			buildSettings = {
				ALWAYS_EMBED_SWIFT_STANDARD_LIBRARIES = YES;
				BUNDLE_LOADER = "$(TEST_HOST)";
				CLANG_ENABLE_MODULES = YES;
				CODE_SIGN_STYLE = Automatic;
				INFOPLIST_FILE = UnitTestsMediumTests/Info.plist;
				LD_RUNPATH_SEARCH_PATHS = "$(inherited) @executable_path/Frameworks @loader_path/Frameworks";
				PRODUCT_BUNDLE_IDENTIFIER = self.jonolivet.UnitTestsMediumTests;
				PRODUCT_NAME = "$(TARGET_NAME)";
				SWIFT_OPTIMIZATION_LEVEL = "-Onone";
				SWIFT_VERSION = 4.0;
				TARGETED_DEVICE_FAMILY = "1,2";
				TEST_HOST = "$(BUILT_PRODUCTS_DIR)/UnitTestsMedium.app/UnitTestsMedium";
			};
			name = Debug;
		};
		2D055F191FB9077800A05DDB /* Release */ = {
			isa = XCBuildConfiguration;
			buildSettings = {
				ALWAYS_EMBED_SWIFT_STANDARD_LIBRARIES = YES;
				BUNDLE_LOADER = "$(TEST_HOST)";
				CLANG_ENABLE_MODULES = YES;
				CODE_SIGN_STYLE = Automatic;
				INFOPLIST_FILE = UnitTestsMediumTests/Info.plist;
				LD_RUNPATH_SEARCH_PATHS = "$(inherited) @executable_path/Frameworks @loader_path/Frameworks";
				PRODUCT_BUNDLE_IDENTIFIER = self.jonolivet.UnitTestsMediumTests;
				PRODUCT_NAME = "$(TARGET_NAME)";
				SWIFT_VERSION = 4.0;
				TARGETED_DEVICE_FAMILY = "1,2";
				TEST_HOST = "$(BUILT_PRODUCTS_DIR)/UnitTestsMedium.app/UnitTestsMedium";
			};
			name = Release;
		};
/* End XCBuildConfiguration section */

/* Begin XCConfigurationList section */
		2D055EF21FB9077700A05DDB /* Build configuration list for PBXProject "UnitTestsMedium" */ = {
			isa = XCConfigurationList;
			buildConfigurations = (
				2D055F121FB9077800A05DDB /* Debug */,
				2D055F131FB9077800A05DDB /* Release */,
			);
			defaultConfigurationIsVisible = 0;
			defaultConfigurationName = Release;
		};
		2D055F141FB9077800A05DDB /* Build configuration list for PBXNativeTarget "UnitTestsMedium" */ = {
			isa = XCConfigurationList;
			buildConfigurations = (
				2D055F151FB9077800A05DDB /* Debug */,
				2D055F161FB9077800A05DDB /* Release */,
			);
			defaultConfigurationIsVisible = 0;
			defaultConfigurationName = Release;
		};
		2D055F171FB9077800A05DDB /* Build configuration list for PBXNativeTarget "UnitTestsMediumTests" */ = {
			isa = XCConfigurationList;
			buildConfigurations = (
				2D055F181FB9077800A05DDB /* Debug */,
				2D055F191FB9077800A05DDB /* Release */,
			);
			defaultConfigurationIsVisible = 0;
			defaultConfigurationName = Release;
		};
/* End XCConfigurationList section */
	};
	rootObject = 2D055EEF1FB9077700A05DDB /* Project object */;
}
