// !$*UTF8*$!
{
	archiveVersion = 1;
	classes = {
	};
	objectVersion = 48;
	objects = {

/* Begin PBXBuildFile section */
		2D6A67541FBCDE010055A385 /* AppDelegate.swift in Sources */ = {isa = PBXBuildFile; fileRef = 2D6A67531FBCDE010055A385 /* AppDelegate.swift */; };
		2D6A67561FBCDE010055A385 /* ViewController.swift in Sources */ = {isa = PBXBuildFile; fileRef = 2D6A67551FBCDE010055A385 /* ViewController.swift */; };
		2D6A67591FBCDE010055A385 /* Main.storyboard in Resources */ = {isa = PBXBuildFile; fileRef = 2D6A67571FBCDE010055A385 /* Main.storyboard */; };
		2D6A675B1FBCDE010055A385 /* Assets.xcassets in Resources */ = {isa = PBXBuildFile; fileRef = 2D6A675A1FBCDE010055A385 /* Assets.xcassets */; };
		2D6A675E1FBCDE010055A385 /* LaunchScreen.storyboard in Resources */ = {isa = PBXBuildFile; fileRef = 2D6A675C1FBCDE010055A385 /* LaunchScreen.storyboard */; };
		2D6A67741FBCDE830055A385 /* Minion.swift in Sources */ = {isa = PBXBuildFile; fileRef = 2D6A67731FBCDE830055A385 /* Minion.swift */; };
		2D6A67761FBCDEA80055A385 /* MinionService.swift in Sources */ = {isa = PBXBuildFile; fileRef = 2D6A67751FBCDEA80055A385 /* MinionService.swift */; };
		2D6A67781FBCDF140055A385 /* ViewControllerTests.swift in Sources */ = {isa = PBXBuildFile; fileRef = 2D6A67771FBCDF140055A385 /* ViewControllerTests.swift */; };
/* End PBXBuildFile section */

/* Begin PBXContainerItemProxy section */
		2D6A67651FBCDE010055A385 /* PBXContainerItemProxy */ = {
			isa = PBXContainerItemProxy;
			containerPortal = 2D6A67481FBCDE010055A385 /* Project object */;
			proxyType = 1;
			remoteGlobalIDString = 2D6A674F1FBCDE010055A385;
			remoteInfo = UnitTestsDependencyInjection;
		};
/* End PBXContainerItemProxy section */

/* Begin PBXFileReference section */
		2D6A67501FBCDE010055A385 /* UnitTestsDependencyInjection.app */ = {isa = PBXFileReference; explicitFileType = wrapper.application; includeInIndex = 0; path = UnitTestsDependencyInjection.app; sourceTree = BUILT_PRODUCTS_DIR; };
		2D6A67531FBCDE010055A385 /* AppDelegate.swift */ = {isa = PBXFileReference; lastKnownFileType = sourcecode.swift; path = AppDelegate.swift; sourceTree = "<group>"; };
		2D6A67551FBCDE010055A385 /* ViewController.swift */ = {isa = PBXFileReference; lastKnownFileType = sourcecode.swift; path = ViewController.swift; sourceTree = "<group>"; };
		2D6A67581FBCDE010055A385 /* Base */ = {isa = PBXFileReference; lastKnownFileType = file.storyboard; name = Base; path = Base.lproj/Main.storyboard; sourceTree = "<group>"; };
		2D6A675A1FBCDE010055A385 /* Assets.xcassets */ = {isa = PBXFileReference; lastKnownFileType = folder.assetcatalog; path = Assets.xcassets; sourceTree = "<group>"; };
		2D6A675D1FBCDE010055A385 /* Base */ = {isa = PBXFileReference; lastKnownFileType = file.storyboard; name = Base; path = Base.lproj/LaunchScreen.storyboard; sourceTree = "<group>"; };
		2D6A675F1FBCDE010055A385 /* Info.plist */ = {isa = PBXFileReference; lastKnownFileType = text.plist.xml; path = Info.plist; sourceTree = "<group>"; };
		2D6A67641FBCDE010055A385 /* UnitTestsDependencyInjectionTests.xctest */ = {isa = PBXFileReference; explicitFileType = wrapper.cfbundle; includeInIndex = 0; path = UnitTestsDependencyInjectionTests.xctest; sourceTree = BUILT_PRODUCTS_DIR; };
		2D6A676A1FBCDE010055A385 /* Info.plist */ = {isa = PBXFileReference; lastKnownFileType = text.plist.xml; path = Info.plist; sourceTree = "<group>"; };
		2D6A67731FBCDE830055A385 /* Minion.swift */ = {isa = PBXFileReference; lastKnownFileType = sourcecode.swift; path = Minion.swift; sourceTree = "<group>"; };
		2D6A67751FBCDEA80055A385 /* MinionService.swift */ = {isa = PBXFileReference; lastKnownFileType = sourcecode.swift; path = MinionService.swift; sourceTree = "<group>"; };
		2D6A67771FBCDF140055A385 /* ViewControllerTests.swift */ = {isa = PBXFileReference; lastKnownFileType = sourcecode.swift; path = ViewControllerTests.swift; sourceTree = "<group>"; };
/* End PBXFileReference section */

/* Begin PBXFrameworksBuildPhase section */
		2D6A674D1FBCDE010055A385 /* Frameworks */ = {
			isa = PBXFrameworksBuildPhase;
			buildActionMask = 2147483647;
			files = (
			);
			runOnlyForDeploymentPostprocessing = 0;
		};
		2D6A67611FBCDE010055A385 /* Frameworks */ = {
			isa = PBXFrameworksBuildPhase;
			buildActionMask = 2147483647;
			files = (
			);
			runOnlyForDeploymentPostprocessing = 0;
		};
/* End PBXFrameworksBuildPhase section */

/* Begin PBXGroup section */
		2D6A67471FBCDE010055A385 = {
			isa = PBXGroup;
			children = (
				2D6A67521FBCDE010055A385 /* UnitTestsDependencyInjection */,
				2D6A67671FBCDE010055A385 /* UnitTestsDependencyInjectionTests */,
				2D6A67511FBCDE010055A385 /* Products */,
			);
			sourceTree = "<group>";
		};
		2D6A67511FBCDE010055A385 /* Products */ = {
			isa = PBXGroup;
			children = (
				2D6A67501FBCDE010055A385 /* UnitTestsDependencyInjection.app */,
				2D6A67641FBCDE010055A385 /* UnitTestsDependencyInjectionTests.xctest */,
			);
			name = Products;
			sourceTree = "<group>";
		};
		2D6A67521FBCDE010055A385 /* UnitTestsDependencyInjection */ = {
			isa = PBXGroup;
			children = (
				2D6A67531FBCDE010055A385 /* AppDelegate.swift */,
				2D6A67731FBCDE830055A385 /* Minion.swift */,
				2D6A67751FBCDEA80055A385 /* MinionService.swift */,
				2D6A67551FBCDE010055A385 /* ViewController.swift */,
				2D6A675A1FBCDE010055A385 /* Assets.xcassets */,
				2D6A67571FBCDE010055A385 /* Main.storyboard */,
				2D6A675C1FBCDE010055A385 /* LaunchScreen.storyboard */,
				2D6A675F1FBCDE010055A385 /* Info.plist */,
			);
			path = UnitTestsDependencyInjection;
			sourceTree = "<group>";
		};
		2D6A67671FBCDE010055A385 /* UnitTestsDependencyInjectionTests */ = {
			isa = PBXGroup;
			children = (
				2D6A67771FBCDF140055A385 /* ViewControllerTests.swift */,
				2D6A676A1FBCDE010055A385 /* Info.plist */,
			);
			path = UnitTestsDependencyInjectionTests;
			sourceTree = "<group>";
		};
/* End PBXGroup section */

/* Begin PBXNativeTarget section */
		2D6A674F1FBCDE010055A385 /* UnitTestsDependencyInjection */ = {
			isa = PBXNativeTarget;
			buildConfigurationList = 2D6A676D1FBCDE010055A385 /* Build configuration list for PBXNativeTarget "UnitTestsDependencyInjection" */;
			buildPhases = (
				2D6A674C1FBCDE010055A385 /* Sources */,
				2D6A674D1FBCDE010055A385 /* Frameworks */,
				2D6A674E1FBCDE010055A385 /* Resources */,
			);
			buildRules = (
			);
			dependencies = (
			);
			name = UnitTestsDependencyInjection;
			productName = UnitTestsDependencyInjection;
			productReference = 2D6A67501FBCDE010055A385 /* UnitTestsDependencyInjection.app */;
			productType = "com.apple.product-type.application";
		};
		2D6A67631FBCDE010055A385 /* UnitTestsDependencyInjectionTests */ = {
			isa = PBXNativeTarget;
			buildConfigurationList = 2D6A67701FBCDE010055A385 /* Build configuration list for PBXNativeTarget "UnitTestsDependencyInjectionTests" */;
			buildPhases = (
				2D6A67601FBCDE010055A385 /* Sources */,
				2D6A67611FBCDE010055A385 /* Frameworks */,
				2D6A67621FBCDE010055A385 /* Resources */,
			);
			buildRules = (
			);
			dependencies = (
				2D6A67661FBCDE010055A385 /* PBXTargetDependency */,
			);
			name = UnitTestsDependencyInjectionTests;
			productName = UnitTestsDependencyInjectionTests;
			productReference = 2D6A67641FBCDE010055A385 /* UnitTestsDependencyInjectionTests.xctest */;
			productType = "com.apple.product-type.bundle.unit-test";
		};
/* End PBXNativeTarget section */

/* Begin PBXProject section */
		2D6A67481FBCDE010055A385 /* Project object */ = {
			isa = PBXProject;
			attributes = {
				LastSwiftUpdateCheck = 0910;
				LastUpgradeCheck = 0910;
				ORGANIZATIONNAME = "Jon Olivet";
				TargetAttributes = {
					2D6A674F1FBCDE010055A385 = {
						CreatedOnToolsVersion = 9.1;
						ProvisioningStyle = Automatic;
					};
					2D6A67631FBCDE010055A385 = {
						CreatedOnToolsVersion = 9.1;
						LastSwiftMigration = 0910;
						ProvisioningStyle = Automatic;
						TestTargetID = 2D6A674F1FBCDE010055A385;
					};
				};
			};
			buildConfigurationList = 2D6A674B1FBCDE010055A385 /* Build configuration list for PBXProject "UnitTestsDependencyInjection" */;
			compatibilityVersion = "Xcode 8.0";
			developmentRegion = en;
			hasScannedForEncodings = 0;
			knownRegions = (
				en,
				Base,
			);
			mainGroup = 2D6A67471FBCDE010055A385;
			productRefGroup = 2D6A67511FBCDE010055A385 /* Products */;
			projectDirPath = "";
			projectRoot = "";
			targets = (
				2D6A674F1FBCDE010055A385 /* UnitTestsDependencyInjection */,
				2D6A67631FBCDE010055A385 /* UnitTestsDependencyInjectionTests */,
			);
		};
/* End PBXProject section */

/* Begin PBXResourcesBuildPhase section */
		2D6A674E1FBCDE010055A385 /* Resources */ = {
			isa = PBXResourcesBuildPhase;
			buildActionMask = 2147483647;
			files = (
				2D6A675E1FBCDE010055A385 /* LaunchScreen.storyboard in Resources */,
				2D6A675B1FBCDE010055A385 /* Assets.xcassets in Resources */,
				2D6A67591FBCDE010055A385 /* Main.storyboard in Resources */,
			);
			runOnlyForDeploymentPostprocessing = 0;
		};
		2D6A67621FBCDE010055A385 /* Resources */ = {
			isa = PBXResourcesBuildPhase;
			buildActionMask = 2147483647;
			files = (
			);
			runOnlyForDeploymentPostprocessing = 0;
		};
/* End PBXResourcesBuildPhase section */

/* Begin PBXSourcesBuildPhase section */
		2D6A674C1FBCDE010055A385 /* Sources */ = {
			isa = PBXSourcesBuildPhase;
			buildActionMask = 2147483647;
			files = (
				2D6A67561FBCDE010055A385 /* ViewController.swift in Sources */,
				2D6A67761FBCDEA80055A385 /* MinionService.swift in Sources */,
				2D6A67541FBCDE010055A385 /* AppDelegate.swift in Sources */,
				2D6A67741FBCDE830055A385 /* Minion.swift in Sources */,
			);
			runOnlyForDeploymentPostprocessing = 0;
		};
		2D6A67601FBCDE010055A385 /* Sources */ = {
			isa = PBXSourcesBuildPhase;
			buildActionMask = 2147483647;
			files = (
				2D6A67781FBCDF140055A385 /* ViewControllerTests.swift in Sources */,
			);
			runOnlyForDeploymentPostprocessing = 0;
		};
/* End PBXSourcesBuildPhase section */

/* Begin PBXTargetDependency section */
		2D6A67661FBCDE010055A385 /* PBXTargetDependency */ = {
			isa = PBXTargetDependency;
			target = 2D6A674F1FBCDE010055A385 /* UnitTestsDependencyInjection */;
			targetProxy = 2D6A67651FBCDE010055A385 /* PBXContainerItemProxy */;
		};
/* End PBXTargetDependency section */

/* Begin PBXVariantGroup section */
		2D6A67571FBCDE010055A385 /* Main.storyboard */ = {
			isa = PBXVariantGroup;
			children = (
				2D6A67581FBCDE010055A385 /* Base */,
			);
			name = Main.storyboard;
			sourceTree = "<group>";
		};
		2D6A675C1FBCDE010055A385 /* LaunchScreen.storyboard */ = {
			isa = PBXVariantGroup;
			children = (
				2D6A675D1FBCDE010055A385 /* Base */,
			);
			name = LaunchScreen.storyboard;
			sourceTree = "<group>";
		};
/* End PBXVariantGroup section */

/* Begin XCBuildConfiguration section */
		2D6A676B1FBCDE010055A385 /* Debug */ = {
			isa = XCBuildConfiguration;
			buildSettings = {
				ALWAYS_SEARCH_USER_PATHS = NO;
				CLANG_ANALYZER_NONNULL = YES;
				CLANG_ANALYZER_NUMBER_OBJECT_CONVERSION = YES_AGGRESSIVE;
				CLANG_CXX_LANGUAGE_STANDARD = "gnu++14";
				CLANG_CXX_LIBRARY = "libc++";
				CLANG_ENABLE_MODULES = YES;
				CLANG_ENABLE_OBJC_ARC = YES;
				CLANG_WARN_BLOCK_CAPTURE_AUTORELEASING = YES;
				CLANG_WARN_BOOL_CONVERSION = YES;
				CLANG_WARN_COMMA = YES;
				CLANG_WARN_CONSTANT_CONVERSION = YES;
				CLANG_WARN_DIRECT_OBJC_ISA_USAGE = YES_ERROR;
				CLANG_WARN_DOCUMENTATION_COMMENTS = YES;
				CLANG_WARN_EMPTY_BODY = YES;
				CLANG_WARN_ENUM_CONVERSION = YES;
				CLANG_WARN_INFINITE_RECURSION = YES;
				CLANG_WARN_INT_CONVERSION = YES;
				CLANG_WARN_NON_LITERAL_NULL_CONVERSION = YES;
				CLANG_WARN_OBJC_LITERAL_CONVERSION = YES;
				CLANG_WARN_OBJC_ROOT_CLASS = YES_ERROR;
				CLANG_WARN_RANGE_LOOP_ANALYSIS = YES;
				CLANG_WARN_STRICT_PROTOTYPES = YES;
				CLANG_WARN_SUSPICIOUS_MOVE = YES;
				CLANG_WARN_UNGUARDED_AVAILABILITY = YES_AGGRESSIVE;
				CLANG_WARN_UNREACHABLE_CODE = YES;
				CLANG_WARN__DUPLICATE_METHOD_MATCH = YES;
				CODE_SIGN_IDENTITY = "iPhone Developer";
				COPY_PHASE_STRIP = NO;
				DEBUG_INFORMATION_FORMAT = dwarf;
				ENABLE_STRICT_OBJC_MSGSEND = YES;
				ENABLE_TESTABILITY = YES;
				GCC_C_LANGUAGE_STANDARD = gnu11;
				GCC_DYNAMIC_NO_PIC = NO;
				GCC_NO_COMMON_BLOCKS = YES;
				GCC_OPTIMIZATION_LEVEL = 0;
				GCC_PREPROCESSOR_DEFINITIONS = (
					"DEBUG=1",
					"$(inherited)",
				);
				GCC_WARN_64_TO_32_BIT_CONVERSION = YES;
				GCC_WARN_ABOUT_RETURN_TYPE = YES_ERROR;
				GCC_WARN_UNDECLARED_SELECTOR = YES;
				GCC_WARN_UNINITIALIZED_AUTOS = YES_AGGRESSIVE;
				GCC_WARN_UNUSED_FUNCTION = YES;
				GCC_WARN_UNUSED_VARIABLE = YES;
				IPHONEOS_DEPLOYMENT_TARGET = 10.0;
				MTL_ENABLE_DEBUG_INFO = YES;
				ONLY_ACTIVE_ARCH = YES;
				SDKROOT = iphoneos;
				SWIFT_ACTIVE_COMPILATION_CONDITIONS = DEBUG;
				SWIFT_OPTIMIZATION_LEVEL = "-Onone";
			};
			name = Debug;
		};
		2D6A676C1FBCDE010055A385 /* Release */ = {
			isa = XCBuildConfiguration;
			buildSettings = {
				ALWAYS_SEARCH_USER_PATHS = NO;
				CLANG_ANALYZER_NONNULL = YES;
				CLANG_ANALYZER_NUMBER_OBJECT_CONVERSION = YES_AGGRESSIVE;
				CLANG_CXX_LANGUAGE_STANDARD = "gnu++14";
				CLANG_CXX_LIBRARY = "libc++";
				CLANG_ENABLE_MODULES = YES;
				CLANG_ENABLE_OBJC_ARC = YES;
				CLANG_WARN_BLOCK_CAPTURE_AUTORELEASING = YES;
				CLANG_WARN_BOOL_CONVERSION = YES;
				CLANG_WARN_COMMA = YES;
				CLANG_WARN_CONSTANT_CONVERSION = YES;
				CLANG_WARN_DIRECT_OBJC_ISA_USAGE = YES_ERROR;
				CLANG_WARN_DOCUMENTATION_COMMENTS = YES;
				CLANG_WARN_EMPTY_BODY = YES;
				CLANG_WARN_ENUM_CONVERSION = YES;
				CLANG_WARN_INFINITE_RECURSION = YES;
				CLANG_WARN_INT_CONVERSION = YES;
				CLANG_WARN_NON_LITERAL_NULL_CONVERSION = YES;
				CLANG_WARN_OBJC_LITERAL_CONVERSION = YES;
				CLANG_WARN_OBJC_ROOT_CLASS = YES_ERROR;
				CLANG_WARN_RANGE_LOOP_ANALYSIS = YES;
				CLANG_WARN_STRICT_PROTOTYPES = YES;
				CLANG_WARN_SUSPICIOUS_MOVE = YES;
				CLANG_WARN_UNGUARDED_AVAILABILITY = YES_AGGRESSIVE;
				CLANG_WARN_UNREACHABLE_CODE = YES;
				CLANG_WARN__DUPLICATE_METHOD_MATCH = YES;
				CODE_SIGN_IDENTITY = "iPhone Developer";
				COPY_PHASE_STRIP = NO;
				DEBUG_INFORMATION_FORMAT = "dwarf-with-dsym";
				ENABLE_NS_ASSERTIONS = NO;
				ENABLE_STRICT_OBJC_MSGSEND = YES;
				GCC_C_LANGUAGE_STANDARD = gnu11;
				GCC_NO_COMMON_BLOCKS = YES;
				GCC_WARN_64_TO_32_BIT_CONVERSION = YES;
				GCC_WARN_ABOUT_RETURN_TYPE = YES_ERROR;
				GCC_WARN_UNDECLARED_SELECTOR = YES;
				GCC_WARN_UNINITIALIZED_AUTOS = YES_AGGRESSIVE;
				GCC_WARN_UNUSED_FUNCTION = YES;
				GCC_WARN_UNUSED_VARIABLE = YES;
				IPHONEOS_DEPLOYMENT_TARGET = 10.0;
				MTL_ENABLE_DEBUG_INFO = NO;
				SDKROOT = iphoneos;
				SWIFT_OPTIMIZATION_LEVEL = "-Owholemodule";
				VALIDATE_PRODUCT = YES;
			};
			name = Release;
		};
		2D6A676E1FBCDE010055A385 /* Debug */ = {
			isa = XCBuildConfiguration;
			buildSettings = {
				ASSETCATALOG_COMPILER_APPICON_NAME = AppIcon;
				CODE_SIGN_STYLE = Automatic;
				DEVELOPMENT_TEAM = F7Z96QXV9V;
				INFOPLIST_FILE = UnitTestsDependencyInjection/Info.plist;
				LD_RUNPATH_SEARCH_PATHS = "$(inherited) @executable_path/Frameworks";
				PRODUCT_BUNDLE_IDENTIFIER = self.jonolivet.UnitTestsDependencyInjection;
				PRODUCT_NAME = "$(TARGET_NAME)";
				SWIFT_VERSION = 4.0;
				TARGETED_DEVICE_FAMILY = "1,2";
			};
			name = Debug;
		};
		2D6A676F1FBCDE010055A385 /* Release */ = {
			isa = XCBuildConfiguration;
			buildSettings = {
				ASSETCATALOG_COMPILER_APPICON_NAME = AppIcon;
				CODE_SIGN_STYLE = Automatic;
				DEVELOPMENT_TEAM = F7Z96QXV9V;
				INFOPLIST_FILE = UnitTestsDependencyInjection/Info.plist;
				LD_RUNPATH_SEARCH_PATHS = "$(inherited) @executable_path/Frameworks";
				PRODUCT_BUNDLE_IDENTIFIER = self.jonolivet.UnitTestsDependencyInjection;
				PRODUCT_NAME = "$(TARGET_NAME)";
				SWIFT_VERSION = 4.0;
				TARGETED_DEVICE_FAMILY = "1,2";
			};
			name = Release;
		};
		2D6A67711FBCDE010055A385 /* Debug */ = {
			isa = XCBuildConfiguration;
			buildSettings = {
				ALWAYS_EMBED_SWIFT_STANDARD_LIBRARIES = YES;
				BUNDLE_LOADER = "$(TEST_HOST)";
				CLANG_ENABLE_MODULES = YES;
				CODE_SIGN_STYLE = Automatic;
				DEVELOPMENT_TEAM = F7Z96QXV9V;
				INFOPLIST_FILE = UnitTestsDependencyInjectionTests/Info.plist;
				LD_RUNPATH_SEARCH_PATHS = "$(inherited) @executable_path/Frameworks @loader_path/Frameworks";
				PRODUCT_BUNDLE_IDENTIFIER = self.jonolivet.UnitTestsDependencyInjectionTests;
				PRODUCT_NAME = "$(TARGET_NAME)";
				SWIFT_OPTIMIZATION_LEVEL = "-Onone";
				SWIFT_VERSION = 4.0;
				TARGETED_DEVICE_FAMILY = "1,2";
				TEST_HOST = "$(BUILT_PRODUCTS_DIR)/UnitTestsDependencyInjection.app/UnitTestsDependencyInjection";
			};
			name = Debug;
		};
		2D6A67721FBCDE010055A385 /* Release */ = {
			isa = XCBuildConfiguration;
			buildSettings = {
				ALWAYS_EMBED_SWIFT_STANDARD_LIBRARIES = YES;
				BUNDLE_LOADER = "$(TEST_HOST)";
				CLANG_ENABLE_MODULES = YES;
				CODE_SIGN_STYLE = Automatic;
				DEVELOPMENT_TEAM = F7Z96QXV9V;
				INFOPLIST_FILE = UnitTestsDependencyInjectionTests/Info.plist;
				LD_RUNPATH_SEARCH_PATHS = "$(inherited) @executable_path/Frameworks @loader_path/Frameworks";
				PRODUCT_BUNDLE_IDENTIFIER = self.jonolivet.UnitTestsDependencyInjectionTests;
				PRODUCT_NAME = "$(TARGET_NAME)";
				SWIFT_VERSION = 4.0;
				TARGETED_DEVICE_FAMILY = "1,2";
				TEST_HOST = "$(BUILT_PRODUCTS_DIR)/UnitTestsDependencyInjection.app/UnitTestsDependencyInjection";
			};
			name = Release;
		};
/* End XCBuildConfiguration section */

/* Begin XCConfigurationList section */
		2D6A674B1FBCDE010055A385 /* Build configuration list for PBXProject "UnitTestsDependencyInjection" */ = {
			isa = XCConfigurationList;
			buildConfigurations = (
				2D6A676B1FBCDE010055A385 /* Debug */,
				2D6A676C1FBCDE010055A385 /* Release */,
			);
			defaultConfigurationIsVisible = 0;
			defaultConfigurationName = Release;
		};
		2D6A676D1FBCDE010055A385 /* Build configuration list for PBXNativeTarget "UnitTestsDependencyInjection" */ = {
			isa = XCConfigurationList;
			buildConfigurations = (
				2D6A676E1FBCDE010055A385 /* Debug */,
				2D6A676F1FBCDE010055A385 /* Release */,
			);
			defaultConfigurationIsVisible = 0;
			defaultConfigurationName = Release;
		};
		2D6A67701FBCDE010055A385 /* Build configuration list for PBXNativeTarget "UnitTestsDependencyInjectionTests" */ = {
			isa = XCConfigurationList;
			buildConfigurations = (
				2D6A67711FBCDE010055A385 /* Debug */,
				2D6A67721FBCDE010055A385 /* Release */,
			);
			defaultConfigurationIsVisible = 0;
			defaultConfigurationName = Release;
		};
/* End XCConfigurationList section */
	};
	rootObject = 2D6A67481FBCDE010055A385 /* Project object */;
}
